
Microsoft Visual Studio Solution File, Format Version 12.00
# Visual Studio Version 17
VisualStudioVersion = 17.5.002.0
MinimumVisualStudioVersion = 10.0.40219.1
Project("{9A19103F-16F7-4668-BE54-9A1E7A4F7556}") = "3 topshiriq", "3 topshiriq.csproj", "{36475153-A8D2-4F5E-9809-A6699B411C52}"
EndProject
Global
	GlobalSection(SolutionConfigurationPlatforms) = preSolution
		Debug|Any CPU = Debug|Any CPU
		Release|Any CPU = Release|Any CPU
	EndGlobalSection
	GlobalSection(ProjectConfigurationPlatforms) = postSolution
		{36475153-A8D2-4F5E-9809-A6699B411C52}.Debug|Any CPU.ActiveCfg = Debug|Any CPU
		{36475153-A8D2-4F5E-9809-A6699B411C52}.Debug|Any CPU.Build.0 = Debug|Any CPU
		{36475153-A8D2-4F5E-9809-A6699B411C52}.Release|Any CPU.ActiveCfg = Release|Any CPU
		{36475153-A8D2-4F5E-9809-A6699B411C52}.Release|Any CPU.Build.0 = Release|Any CPU
	EndGlobalSection
	GlobalSection(SolutionProperties) = preSolution
		HideSolutionNode = FALSE
	EndGlobalSection
	GlobalSection(ExtensibilityGlobals) = postSolution
		SolutionGuid = {72B297B1-0A07-44AF-BF51-7CF2F4527D92}
	EndGlobalSection
EndGlobal
